{
  "name": "frontend",
  "lockfileVersion": 3,
  "requires": true,
  "packages": {
    "": {
      "dependencies": {
        "backend": "file:.."
      }
    },
    "..": {
      "name": "backend",
      "version": "1.0.0",
      "license": "ISC",
      "dependencies": {
        "express-rate-limit": "^8.0.1"
      }
    },
    "node_modules/backend": {
      "resolved": "..",
      "link": true
    }
  }
}
